// !$*UTF8*$!
{
	archiveVersion = 1;
	classes = {
	};
	objectVersion = 50;
	objects = {

/* Begin PBXBuildFile section */
		EE07D069264DCF3F0028F8E5 /* AppDelegate.swift in Sources */ = {isa = PBXBuildFile; fileRef = EE07D068264DCF3F0028F8E5 /* AppDelegate.swift */; };
		EE07D06B264DCF3F0028F8E5 /* SceneDelegate.swift in Sources */ = {isa = PBXBuildFile; fileRef = EE07D06A264DCF3F0028F8E5 /* SceneDelegate.swift */; };
		EE07D070264DCF3F0028F8E5 /* Main.storyboard in Resources */ = {isa = PBXBuildFile; fileRef = EE07D06E264DCF3F0028F8E5 /* Main.storyboard */; };
		EE07D073264DCF3F0028F8E5 /* Finance___Stocks.xcdatamodeld in Sources */ = {isa = PBXBuildFile; fileRef = EE07D071264DCF3F0028F8E5 /* Finance___Stocks.xcdatamodeld */; };
		EE07D075264DCF420028F8E5 /* Assets.xcassets in Resources */ = {isa = PBXBuildFile; fileRef = EE07D074264DCF420028F8E5 /* Assets.xcassets */; };
		EE07D078264DCF420028F8E5 /* LaunchScreen.storyboard in Resources */ = {isa = PBXBuildFile; fileRef = EE07D076264DCF420028F8E5 /* LaunchScreen.storyboard */; };
		EE07D082264DCF820028F8E5 /* Currency.swift in Sources */ = {isa = PBXBuildFile; fileRef = EE07D081264DCF820028F8E5 /* Currency.swift */; };
		EE5082BF264E92C1002D89D8 /* CurrencyViewController.swift in Sources */ = {isa = PBXBuildFile; fileRef = EE5082BE264E92C1002D89D8 /* CurrencyViewController.swift */; };
		EE5082C2264E9885002D89D8 /* CurrencyCell.swift in Sources */ = {isa = PBXBuildFile; fileRef = EE5082C1264E9885002D89D8 /* CurrencyCell.swift */; };
		EE5082C4264EA1DA002D89D8 /* CurrencyNetwork.swift in Sources */ = {isa = PBXBuildFile; fileRef = EE5082C3264EA1DA002D89D8 /* CurrencyNetwork.swift */; };
		EEDCFBFB26505F97007FA559 /* Currency Info.swift in Sources */ = {isa = PBXBuildFile; fileRef = EEDCFBFA26505F97007FA559 /* Currency Info.swift */; };
/* End PBXBuildFile section */

/* Begin PBXFileReference section */
		EE07D065264DCF3F0028F8E5 /* Finance & Stocks.app */ = {isa = PBXFileReference; explicitFileType = wrapper.application; includeInIndex = 0; path = "Finance & Stocks.app"; sourceTree = BUILT_PRODUCTS_DIR; };
		EE07D068264DCF3F0028F8E5 /* AppDelegate.swift */ = {isa = PBXFileReference; lastKnownFileType = sourcecode.swift; path = AppDelegate.swift; sourceTree = "<group>"; };
		EE07D06A264DCF3F0028F8E5 /* SceneDelegate.swift */ = {isa = PBXFileReference; lastKnownFileType = sourcecode.swift; path = SceneDelegate.swift; sourceTree = "<group>"; };
		EE07D06F264DCF3F0028F8E5 /* Base */ = {isa = PBXFileReference; lastKnownFileType = file.storyboard; name = Base; path = Base.lproj/Main.storyboard; sourceTree = "<group>"; };
		EE07D072264DCF3F0028F8E5 /* Finance___Stocks.xcdatamodel */ = {isa = PBXFileReference; lastKnownFileType = wrapper.xcdatamodel; path = "Finance___Stocks.xcdatamodel"; sourceTree = "<group>"; };
		EE07D074264DCF420028F8E5 /* Assets.xcassets */ = {isa = PBXFileReference; lastKnownFileType = folder.assetcatalog; path = Assets.xcassets; sourceTree = "<group>"; };
		EE07D077264DCF420028F8E5 /* Base */ = {isa = PBXFileReference; lastKnownFileType = file.storyboard; name = Base; path = Base.lproj/LaunchScreen.storyboard; sourceTree = "<group>"; };
		EE07D079264DCF420028F8E5 /* Info.plist */ = {isa = PBXFileReference; lastKnownFileType = text.plist.xml; path = Info.plist; sourceTree = "<group>"; };
		EE07D081264DCF820028F8E5 /* Currency.swift */ = {isa = PBXFileReference; lastKnownFileType = sourcecode.swift; path = Currency.swift; sourceTree = "<group>"; };
		EE5082BE264E92C1002D89D8 /* CurrencyViewController.swift */ = {isa = PBXFileReference; lastKnownFileType = sourcecode.swift; path = CurrencyViewController.swift; sourceTree = "<group>"; };
		EE5082C1264E9885002D89D8 /* CurrencyCell.swift */ = {isa = PBXFileReference; lastKnownFileType = sourcecode.swift; path = CurrencyCell.swift; sourceTree = "<group>"; };
		EE5082C3264EA1DA002D89D8 /* CurrencyNetwork.swift */ = {isa = PBXFileReference; lastKnownFileType = sourcecode.swift; path = CurrencyNetwork.swift; sourceTree = "<group>"; };
		EEDCFBFA26505F97007FA559 /* Currency Info.swift */ = {isa = PBXFileReference; lastKnownFileType = sourcecode.swift; path = "Currency Info.swift"; sourceTree = "<group>"; };
/* End PBXFileReference section */

/* Begin PBXFrameworksBuildPhase section */
		EE07D062264DCF3F0028F8E5 /* Frameworks */ = {
			isa = PBXFrameworksBuildPhase;
			buildActionMask = 2147483647;
			files = (
			);
			runOnlyForDeploymentPostprocessing = 0;
		};
/* End PBXFrameworksBuildPhase section */

/* Begin PBXGroup section */
		EE07D05C264DCF3F0028F8E5 = {
			isa = PBXGroup;
			children = (
				EE07D067264DCF3F0028F8E5 /* Finance & Stocks */,
				EE07D066264DCF3F0028F8E5 /* Products */,
			);
			sourceTree = "<group>";
		};
		EE07D066264DCF3F0028F8E5 /* Products */ = {
			isa = PBXGroup;
			children = (
				EE07D065264DCF3F0028F8E5 /* Finance & Stocks.app */,
			);
			name = Products;
			sourceTree = "<group>";
		};
		EE07D067264DCF3F0028F8E5 /* Finance & Stocks */ = {
			isa = PBXGroup;
			children = (
				EE07D085264DD62A0028F8E5 /* Models */,
				EEDCFBF526505F0B007FA559 /* Network Manager */,
				EEDCFBF726505F28007FA559 /* Service Manager */,
				EE07D087264DD64D0028F8E5 /* Supports */,
				EE07D083264DD6020028F8E5 /* View Controllers */,
				EE07D084264DD6190028F8E5 /* Storyboards */,
				EE07D086264DD63C0028F8E5 /* Resources */,
			);
			path = "Finance & Stocks";
			sourceTree = "<group>";
		};
		EE07D083264DD6020028F8E5 /* View Controllers */ = {
			isa = PBXGroup;
			children = (
				EE5082BE264E92C1002D89D8 /* CurrencyViewController.swift */,
				EE5082C1264E9885002D89D8 /* CurrencyCell.swift */,
			);
			path = "View Controllers";
			sourceTree = "<group>";
		};
		EE07D084264DD6190028F8E5 /* Storyboards */ = {
			isa = PBXGroup;
			children = (
				EE07D06E264DCF3F0028F8E5 /* Main.storyboard */,
				EE07D076264DCF420028F8E5 /* LaunchScreen.storyboard */,
			);
			path = Storyboards;
			sourceTree = "<group>";
		};
		EE07D085264DD62A0028F8E5 /* Models */ = {
			isa = PBXGroup;
			children = (
				EE5082C3264EA1DA002D89D8 /* CurrencyNetwork.swift */,
				EE07D081264DCF820028F8E5 /* Currency.swift */,
			);
			path = Models;
			sourceTree = "<group>";
		};
		EE07D086264DD63C0028F8E5 /* Resources */ = {
			isa = PBXGroup;
			children = (
				EE07D074264DCF420028F8E5 /* Assets.xcassets */,
			);
			path = Resources;
			sourceTree = "<group>";
		};
		EE07D087264DD64D0028F8E5 /* Supports */ = {
			isa = PBXGroup;
			children = (
				EE07D071264DCF3F0028F8E5 /* Finance___Stocks.xcdatamodeld */,
				EE07D068264DCF3F0028F8E5 /* AppDelegate.swift */,
				EE07D06A264DCF3F0028F8E5 /* SceneDelegate.swift */,
				EE07D079264DCF420028F8E5 /* Info.plist */,
			);
			path = Supports;
			sourceTree = "<group>";
		};
		EEDCFBF526505F0B007FA559 /* Network Manager */ = {
			isa = PBXGroup;
			children = (
			);
			path = "Network Manager";
			sourceTree = "<group>";
		};
		EEDCFBF726505F28007FA559 /* Service Manager */ = {
			isa = PBXGroup;
			children = (
				EEDCFBFA26505F97007FA559 /* Currency Info.swift */,
			);
			path = "Service Manager";
			sourceTree = "<group>";
		};
/* End PBXGroup section */

/* Begin PBXNativeTarget section */
		EE07D064264DCF3F0028F8E5 /* Finance & Stocks */ = {
			isa = PBXNativeTarget;
			buildConfigurationList = EE07D07C264DCF420028F8E5 /* Build configuration list for PBXNativeTarget "Finance & Stocks" */;
			buildPhases = (
				EE07D061264DCF3F0028F8E5 /* Sources */,
				EE07D062264DCF3F0028F8E5 /* Frameworks */,
				EE07D063264DCF3F0028F8E5 /* Resources */,
			);
			buildRules = (
			);
			dependencies = (
			);
			name = "Finance & Stocks";
			productName = "Finance & Stocks";
			productReference = EE07D065264DCF3F0028F8E5 /* Finance & Stocks.app */;
			productType = "com.apple.product-type.application";
		};
/* End PBXNativeTarget section */

/* Begin PBXProject section */
		EE07D05D264DCF3F0028F8E5 /* Project object */ = {
			isa = PBXProject;
			attributes = {
				LastSwiftUpdateCheck = 1250;
				LastUpgradeCheck = 1250;
				TargetAttributes = {
					EE07D064264DCF3F0028F8E5 = {
						CreatedOnToolsVersion = 12.5;
					};
				};
			};
			buildConfigurationList = EE07D060264DCF3F0028F8E5 /* Build configuration list for PBXProject "Finance & Stocks" */;
			compatibilityVersion = "Xcode 9.3";
			developmentRegion = en;
			hasScannedForEncodings = 0;
			knownRegions = (
				en,
				Base,
			);
			mainGroup = EE07D05C264DCF3F0028F8E5;
			productRefGroup = EE07D066264DCF3F0028F8E5 /* Products */;
			projectDirPath = "";
			projectRoot = "";
			targets = (
				EE07D064264DCF3F0028F8E5 /* Finance & Stocks */,
			);
		};
/* End PBXProject section */

/* Begin PBXResourcesBuildPhase section */
		EE07D063264DCF3F0028F8E5 /* Resources */ = {
			isa = PBXResourcesBuildPhase;
			buildActionMask = 2147483647;
			files = (
				EE07D078264DCF420028F8E5 /* LaunchScreen.storyboard in Resources */,
				EE07D075264DCF420028F8E5 /* Assets.xcassets in Resources */,
				EE07D070264DCF3F0028F8E5 /* Main.storyboard in Resources */,
			);
			runOnlyForDeploymentPostprocessing = 0;
		};
/* End PBXResourcesBuildPhase section */

/* Begin PBXSourcesBuildPhase section */
		EE07D061264DCF3F0028F8E5 /* Sources */ = {
			isa = PBXSourcesBuildPhase;
			buildActionMask = 2147483647;
			files = (
				EE5082C2264E9885002D89D8 /* CurrencyCell.swift in Sources */,
				EE07D082264DCF820028F8E5 /* Currency.swift in Sources */,
				EE5082C4264EA1DA002D89D8 /* CurrencyNetwork.swift in Sources */,
				EE07D073264DCF3F0028F8E5 /* Finance___Stocks.xcdatamodeld in Sources */,
				EE07D069264DCF3F0028F8E5 /* AppDelegate.swift in Sources */,
				EEDCFBFB26505F97007FA559 /* Currency Info.swift in Sources */,
				EE07D06B264DCF3F0028F8E5 /* SceneDelegate.swift in Sources */,
				EE5082BF264E92C1002D89D8 /* CurrencyViewController.swift in Sources */,
			);
			runOnlyForDeploymentPostprocessing = 0;
		};
/* End PBXSourcesBuildPhase section */

/* Begin PBXVariantGroup section */
		EE07D06E264DCF3F0028F8E5 /* Main.storyboard */ = {
			isa = PBXVariantGroup;
			children = (
				EE07D06F264DCF3F0028F8E5 /* Base */,
			);
			name = Main.storyboard;
			sourceTree = "<group>";
		};
		EE07D076264DCF420028F8E5 /* LaunchScreen.storyboard */ = {
			isa = PBXVariantGroup;
			children = (
				EE07D077264DCF420028F8E5 /* Base */,
			);
			name = LaunchScreen.storyboard;
			sourceTree = "<group>";
		};
/* End PBXVariantGroup section */

/* Begin XCBuildConfiguration section */
		EE07D07A264DCF420028F8E5 /* Debug */ = {
			isa = XCBuildConfiguration;
			buildSettings = {
				ALWAYS_SEARCH_USER_PATHS = NO;
				CLANG_ANALYZER_NONNULL = YES;
				CLANG_ANALYZER_NUMBER_OBJECT_CONVERSION = YES_AGGRESSIVE;
				CLANG_CXX_LANGUAGE_STANDARD = "gnu++14";
				CLANG_CXX_LIBRARY = "libc++";
				CLANG_ENABLE_MODULES = YES;
				CLANG_ENABLE_OBJC_ARC = YES;
				CLANG_ENABLE_OBJC_WEAK = YES;
				CLANG_WARN_BLOCK_CAPTURE_AUTORELEASING = YES;
				CLANG_WARN_BOOL_CONVERSION = YES;
				CLANG_WARN_COMMA = YES;
				CLANG_WARN_CONSTANT_CONVERSION = YES;
				CLANG_WARN_DEPRECATED_OBJC_IMPLEMENTATIONS = YES;
				CLANG_WARN_DIRECT_OBJC_ISA_USAGE = YES_ERROR;
				CLANG_WARN_DOCUMENTATION_COMMENTS = YES;
				CLANG_WARN_EMPTY_BODY = YES;
				CLANG_WARN_ENUM_CONVERSION = YES;
				CLANG_WARN_INFINITE_RECURSION = YES;
				CLANG_WARN_INT_CONVERSION = YES;
				CLANG_WARN_NON_LITERAL_NULL_CONVERSION = YES;
				CLANG_WARN_OBJC_IMPLICIT_RETAIN_SELF = YES;
				CLANG_WARN_OBJC_LITERAL_CONVERSION = YES;
				CLANG_WARN_OBJC_ROOT_CLASS = YES_ERROR;
				CLANG_WARN_QUOTED_INCLUDE_IN_FRAMEWORK_HEADER = YES;
				CLANG_WARN_RANGE_LOOP_ANALYSIS = YES;
				CLANG_WARN_STRICT_PROTOTYPES = YES;
				CLANG_WARN_SUSPICIOUS_MOVE = YES;
				CLANG_WARN_UNGUARDED_AVAILABILITY = YES_AGGRESSIVE;
				CLANG_WARN_UNREACHABLE_CODE = YES;
				CLANG_WARN__DUPLICATE_METHOD_MATCH = YES;
				COPY_PHASE_STRIP = NO;
				DEBUG_INFORMATION_FORMAT = dwarf;
				ENABLE_STRICT_OBJC_MSGSEND = YES;
				ENABLE_TESTABILITY = YES;
				GCC_C_LANGUAGE_STANDARD = gnu11;
				GCC_DYNAMIC_NO_PIC = NO;
				GCC_NO_COMMON_BLOCKS = YES;
				GCC_OPTIMIZATION_LEVEL = 0;
				GCC_PREPROCESSOR_DEFINITIONS = (
					"DEBUG=1",
					"$(inherited)",
				);
				GCC_WARN_64_TO_32_BIT_CONVERSION = YES;
				GCC_WARN_ABOUT_RETURN_TYPE = YES_ERROR;
				GCC_WARN_UNDECLARED_SELECTOR = YES;
				GCC_WARN_UNINITIALIZED_AUTOS = YES_AGGRESSIVE;
				GCC_WARN_UNUSED_FUNCTION = YES;
				GCC_WARN_UNUSED_VARIABLE = YES;
				IPHONEOS_DEPLOYMENT_TARGET = 14.5;
				MTL_ENABLE_DEBUG_INFO = INCLUDE_SOURCE;
				MTL_FAST_MATH = YES;
				ONLY_ACTIVE_ARCH = YES;
				SDKROOT = iphoneos;
				SWIFT_ACTIVE_COMPILATION_CONDITIONS = DEBUG;
				SWIFT_OPTIMIZATION_LEVEL = "-Onone";
			};
			name = Debug;
		};
		EE07D07B264DCF420028F8E5 /* Release */ = {
			isa = XCBuildConfiguration;
			buildSettings = {
				ALWAYS_SEARCH_USER_PATHS = NO;
				CLANG_ANALYZER_NONNULL = YES;
				CLANG_ANALYZER_NUMBER_OBJECT_CONVERSION = YES_AGGRESSIVE;
				CLANG_CXX_LANGUAGE_STANDARD = "gnu++14";
				CLANG_CXX_LIBRARY = "libc++";
				CLANG_ENABLE_MODULES = YES;
				CLANG_ENABLE_OBJC_ARC = YES;
				CLANG_ENABLE_OBJC_WEAK = YES;
				CLANG_WARN_BLOCK_CAPTURE_AUTORELEASING = YES;
				CLANG_WARN_BOOL_CONVERSION = YES;
				CLANG_WARN_COMMA = YES;
				CLANG_WARN_CONSTANT_CONVERSION = YES;
				CLANG_WARN_DEPRECATED_OBJC_IMPLEMENTATIONS = YES;
				CLANG_WARN_DIRECT_OBJC_ISA_USAGE = YES_ERROR;
				CLANG_WARN_DOCUMENTATION_COMMENTS = YES;
				CLANG_WARN_EMPTY_BODY = YES;
				CLANG_WARN_ENUM_CONVERSION = YES;
				CLANG_WARN_INFINITE_RECURSION = YES;
				CLANG_WARN_INT_CONVERSION = YES;
				CLANG_WARN_NON_LITERAL_NULL_CONVERSION = YES;
				CLANG_WARN_OBJC_IMPLICIT_RETAIN_SELF = YES;
				CLANG_WARN_OBJC_LITERAL_CONVERSION = YES;
				CLANG_WARN_OBJC_ROOT_CLASS = YES_ERROR;
				CLANG_WARN_QUOTED_INCLUDE_IN_FRAMEWORK_HEADER = YES;
				CLANG_WARN_RANGE_LOOP_ANALYSIS = YES;
				CLANG_WARN_STRICT_PROTOTYPES = YES;
				CLANG_WARN_SUSPICIOUS_MOVE = YES;
				CLANG_WARN_UNGUARDED_AVAILABILITY = YES_AGGRESSIVE;
				CLANG_WARN_UNREACHABLE_CODE = YES;
				CLANG_WARN__DUPLICATE_METHOD_MATCH = YES;
				COPY_PHASE_STRIP = NO;
				DEBUG_INFORMATION_FORMAT = "dwarf-with-dsym";
				ENABLE_NS_ASSERTIONS = NO;
				ENABLE_STRICT_OBJC_MSGSEND = YES;
				GCC_C_LANGUAGE_STANDARD = gnu11;
				GCC_NO_COMMON_BLOCKS = YES;
				GCC_WARN_64_TO_32_BIT_CONVERSION = YES;
				GCC_WARN_ABOUT_RETURN_TYPE = YES_ERROR;
				GCC_WARN_UNDECLARED_SELECTOR = YES;
				GCC_WARN_UNINITIALIZED_AUTOS = YES_AGGRESSIVE;
				GCC_WARN_UNUSED_FUNCTION = YES;
				GCC_WARN_UNUSED_VARIABLE = YES;
				IPHONEOS_DEPLOYMENT_TARGET = 14.5;
				MTL_ENABLE_DEBUG_INFO = NO;
				MTL_FAST_MATH = YES;
				SDKROOT = iphoneos;
				SWIFT_COMPILATION_MODE = wholemodule;
				SWIFT_OPTIMIZATION_LEVEL = "-O";
				VALIDATE_PRODUCT = YES;
			};
			name = Release;
		};
		EE07D07D264DCF420028F8E5 /* Debug */ = {
			isa = XCBuildConfiguration;
			buildSettings = {
				ASSETCATALOG_COMPILER_APPICON_NAME = AppIcon;
				ASSETCATALOG_COMPILER_GLOBAL_ACCENT_COLOR_NAME = AccentColor;
				CODE_SIGN_STYLE = Automatic;
				INFOPLIST_FILE = "Finance & Stocks/Supports/Info.plist";
				LD_RUNPATH_SEARCH_PATHS = (
					"$(inherited)",
					"@executable_path/Frameworks",
				);
				PRODUCT_BUNDLE_IDENTIFIER = "GE-Developer.Finance---Stocks";
				PRODUCT_NAME = "$(TARGET_NAME)";
				SWIFT_VERSION = 5.0;
				TARGETED_DEVICE_FAMILY = 1;
			};
			name = Debug;
		};
		EE07D07E264DCF420028F8E5 /* Release */ = {
			isa = XCBuildConfiguration;
			buildSettings = {
				ASSETCATALOG_COMPILER_APPICON_NAME = AppIcon;
				ASSETCATALOG_COMPILER_GLOBAL_ACCENT_COLOR_NAME = AccentColor;
				CODE_SIGN_STYLE = Automatic;
				INFOPLIST_FILE = "Finance & Stocks/Supports/Info.plist";
				LD_RUNPATH_SEARCH_PATHS = (
					"$(inherited)",
					"@executable_path/Frameworks",
				);
				PRODUCT_BUNDLE_IDENTIFIER = "GE-Developer.Finance---Stocks";
				PRODUCT_NAME = "$(TARGET_NAME)";
				SWIFT_VERSION = 5.0;
				TARGETED_DEVICE_FAMILY = 1;
			};
			name = Release;
		};
/* End XCBuildConfiguration section */

/* Begin XCConfigurationList section */
		EE07D060264DCF3F0028F8E5 /* Build configuration list for PBXProject "Finance & Stocks" */ = {
			isa = XCConfigurationList;
			buildConfigurations = (
				EE07D07A264DCF420028F8E5 /* Debug */,
				EE07D07B264DCF420028F8E5 /* Release */,
			);
			defaultConfigurationIsVisible = 0;
			defaultConfigurationName = Release;
		};
		EE07D07C264DCF420028F8E5 /* Build configuration list for PBXNativeTarget "Finance & Stocks" */ = {
			isa = XCConfigurationList;
			buildConfigurations = (
				EE07D07D264DCF420028F8E5 /* Debug */,
				EE07D07E264DCF420028F8E5 /* Release */,
			);
			defaultConfigurationIsVisible = 0;
			defaultConfigurationName = Release;
		};
/* End XCConfigurationList section */

/* Begin XCVersionGroup section */
		EE07D071264DCF3F0028F8E5 /* Finance___Stocks.xcdatamodeld */ = {
			isa = XCVersionGroup;
			children = (
				EE07D072264DCF3F0028F8E5 /* Finance___Stocks.xcdatamodel */,
			);
			currentVersion = EE07D072264DCF3F0028F8E5 /* Finance___Stocks.xcdatamodel */;
			path = "Finance___Stocks.xcdatamodeld";
			sourceTree = "<group>";
			versionGroupType = wrapper.xcdatamodel;
		};
/* End XCVersionGroup section */
	};
	rootObject = EE07D05D264DCF3F0028F8E5 /* Project object */;
}
